# This file is autogenerated, do not edit; changes may be undone by the next 'dep ensure'.


[[projects]]
  digest = "1:180876db3ec295bb9f0babec5ca926fe9f2036b747b7c5bfcd13b333023e7cfd"
  name = "cloud.google.com/go"
  packages = ["compute/metadata"]
  pruneopts = "UT"
  revision = "767c40d6a2e058483c25fa193e963a22da17236d"
  version = "v0.18.0"

[[projects]]
  branch = "master"
  digest = "1:6f6126af7313c78380367bb436b5a2ad8fc79ed0f4b3019ddd0ee1f8150e6877"
  name = "github.com/cppforlife/go-semi-semantic"
  packages = ["version"]
  pruneopts = "UT"
  revision = "576b6af77ae4f3ccef356902fb3b9a9ae22e0b11"

[[projects]]
  branch = "master"
  digest = "1:988cfde37f089c50ba1ac8a1032c3f81d2ac0359e1872093b946a30139665eb6"
  name = "github.com/dsnet/compress"
  packages = [
    ".",
    "bzip2",
    "bzip2/internal/sais",
    "internal",
    "internal/errors",
    "internal/prefix",
  ]
  pruneopts = "UT"
  revision = "cc9eb1d7ad760af14e8f918698f745e80377af4f"

[[projects]]
  digest = "1:ffc060c551980d37ee9e428ef528ee2813137249ccebb0bfc412ef83071cac91"
  name = "github.com/golang/protobuf"
  packages = ["proto"]
  pruneopts = "UT"
  revision = "925541529c1fa6821df4e44ce2723319eb2be768"
  version = "v1.0.0"

[[projects]]
  digest = "1:1dafdfd6b2d1103e1ef5c1c1255f395f3ceaceca327d3640d0f06039448bf85c"
  name = "github.com/h2non/filetype"
  packages = ["."]
  pruneopts = "UT"
  revision = "cc14fdc9ca0e4c2bafad7458f6ff79fd3947cfbb"
  version = "v1.0.5"

[[projects]]
  digest = "1:e2d1d410fb367567c2b53ed9e2d719d3c1f0891397bb2fa49afd747cfbf1e8e4"
  name = "github.com/mattn/go-runewidth"
  packages = ["."]
  pruneopts = "UT"
  revision = "9e777a8366cce605130a531d2cd6363d07ad7317"
  version = "v0.0.2"

[[projects]]
  digest = "1:e05db7d2d85e06b7973561483c4accb8fa67037ff851c69641d9c281b4c36102"
  name = "github.com/mholt/archiver"
  packages = ["."]
  pruneopts = "UT"
  revision = "cdc68dd1f170b8dfc1a0d2231b5bb0967ed67006"
  version = "v2.0"

[[projects]]
  branch = "master"
  digest = "1:ded79ae4dc43f8382f782459c8082f8910e5002fc04a492e98c7a72734ae0dc5"
  name = "github.com/mitchellh/colorstring"
  packages = ["."]
  pruneopts = "UT"
  revision = "8631ce90f28644f54aeedcb3e389a85174e067d1"

[[projects]]
  branch = "master"
  digest = "1:0e1e5f960c58fdc677212fcc70e55042a0084d367623e51afbdb568963832f5d"
  name = "github.com/nu7hatch/gouuid"
  packages = ["."]
  pruneopts = "UT"
  revision = "179d4d0c4d8d407a32af483c2354df1d2c91e6c3"

[[projects]]
  branch = "master"
  digest = "1:3bdb4203c03569a564d6a4bd54d84315575cebb2d76471f8676f8ee8c402005e"
  name = "github.com/nwaples/rardecode"
  packages = ["."]
  pruneopts = "UT"
  revision = "e06696f847aeda6f39a8f0b7cdff193b7690aef6"

[[projects]]
  digest = "1:1c1e79e20c4ce412d85fca555dac9602ae0053dda99062bace6cac2741f2a303"
  name = "github.com/onsi/ginkgo"
  packages = [
    ".",
    "config",
    "extensions/table",
    "internal/codelocation",
    "internal/containernode",
    "internal/failer",
    "internal/leafnodes",
    "internal/remote",
    "internal/spec",
    "internal/spec_iterator",
    "internal/specrunner",
    "internal/suite",
    "internal/testingtproxy",
    "internal/writer",
    "reporters",
    "reporters/stenographer",
    "reporters/stenographer/support/go-colorable",
    "reporters/stenographer/support/go-isatty",
    "types",
  ]
  pruneopts = "UT"
  revision = "9eda700730cba42af70d53180f9dcce9266bc2bc"
  version = "v1.4.0"

[[projects]]
  digest = "1:f7972020aa715891374f50b4619442cbde533fa35f2ced3756a4f597c85ad191"
  name = "github.com/onsi/gomega"
  packages = [
    ".",
    "format",
    "gbytes",
    "gexec",
    "internal/assertion",
    "internal/asyncassertion",
    "internal/oraclematcher",
    "internal/testingtsupport",
    "matchers",
    "matchers/support/goraph/bipartitegraph",
    "matchers/support/goraph/edge",
    "matchers/support/goraph/node",
    "matchers/support/goraph/util",
    "types",
  ]
  pruneopts = "UT"
  revision = "003f63b7f4cff3fc95357005358af2de0f5fe152"
  version = "v1.3.0"

[[projects]]
  digest = "1:4aeb3860275fa1fd60cccfb5a6ef85da438bf17402e1e84412ade4d4b55066a0"
  name = "github.com/ulikunitz/xz"
  packages = [
    ".",
    "internal/hash",
    "internal/xlog",
    "lzma",
  ]
  pruneopts = "UT"
  revision = "0c6b41e72360850ca4f98dc341fd999726ea007f"
  version = "v0.5.4"

[[projects]]
  branch = "master"
  digest = "1:feddc98e0b022efc832f56907f78e51c89f8f079232a3fe6b4db13ae6d691c1a"
  name = "golang.org/x/net"
  packages = [
    "context",
    "context/ctxhttp",
    "html",
    "html/atom",
    "html/charset",
  ]
  pruneopts = "UT"
  revision = "309822c5b9b9f80db67f016069a12628d94fad34"

[[projects]]
  branch = "master"
  digest = "1:0028edec9bac7603ec5b46790d60c3ef04d76d86473a9f09f168298bb0adabf2"
  name = "golang.org/x/oauth2"
  packages = [
    ".",
    "google",
    "internal",
    "jws",
    "jwt",
  ]
  pruneopts = "UT"
  revision = "a032972e28060ca4f5644acffae3dfc268cc09db"

[[projects]]
  branch = "master"
  digest = "1:aafe5555f120114c99be1d411f5d3efdd7e2111e7d875ff0d77668208b44158f"
  name = "golang.org/x/sys"
  packages = ["unix"]
  pruneopts = "UT"
  revision = "3dbebcf8efb6a5011a60c2b4591c1022a759af8a"

[[projects]]
  branch = "master"
  digest = "1:aa4d6967a3237f8367b6bf91503964a77183ecf696f1273e8ad3551bb4412b5f"
  name = "golang.org/x/text"
  packages = [
    "encoding",
    "encoding/charmap",
    "encoding/htmlindex",
    "encoding/internal",
    "encoding/internal/identifier",
    "encoding/japanese",
    "encoding/korean",
    "encoding/simplifiedchinese",
    "encoding/traditionalchinese",
    "encoding/unicode",
    "internal/gen",
    "internal/tag",
    "internal/utf8internal",
    "language",
    "runes",
    "transform",
    "unicode/cldr",
  ]
  pruneopts = "UT"
  revision = "e19ae1496984b1c655b8044a65c0300a3c878dd3"

[[projects]]
  branch = "master"
  digest = "1:ed200151e744788f7af7f451d2d5dadece74f75f89b762c05da586e2a01260a8"
  name = "google.golang.org/api"
  packages = [
    "gensupport",
    "googleapi",
    "googleapi/internal/uritemplates",
    "storage/v1",
  ]
  pruneopts = "UT"
  revision = "987caa2d3895c188c40784ad94fe1dd681a8cf68"

[[projects]]
  digest = "1:a48f97fb737d5d61cf13e81cfef040942d217d086766b823757d39d4f6a4c547"
  name = "google.golang.org/appengine"
  packages = [
    ".",
    "internal",
    "internal/app_identity",
    "internal/base",
    "internal/datastore",
    "internal/log",
    "internal/modules",
    "internal/remote_api",
    "internal/urlfetch",
    "urlfetch",
  ]
  pruneopts = "UT"
  revision = "150dc57a1b433e64154302bdc40b6bb8aefa313a"
  version = "v1.0.0"

[[projects]]
  digest = "1:a9d963bc0f4dbf529e591a3bf89fc9b9cbf54abab98570c2ba119e0161e2e3b5"
  name = "gopkg.in/cheggaaa/pb.v1"
  packages = ["."]
  pruneopts = "UT"
  revision = "5119518d88fbf604cab04dafd667dc7022e3b5ac"
  version = "v1.0.21"

[[projects]]
  digest = "1:1b9d6106326573c0212b29c1796f128271278474ed629055645ace928faaea67"
  name = "gopkg.in/h2non/filetype.v1"
  packages = [
    "matchers",
    "types",
  ]
  pruneopts = "UT"
  revision = "cc14fdc9ca0e4c2bafad7458f6ff79fd3947cfbb"
  version = "v1.0.5"

[[projects]]
  branch = "v2"
  digest = "1:73e6fda93622790d2371344759df06ff5ff2fac64a6b6e8832b792e7402956e7"
  name = "gopkg.in/yaml.v2"
  packages = ["."]
  pruneopts = "UT"
  revision = "d670f9405373e636a5a2765eea47fac0c9bc91a4"

[solve-meta]
  analyzer-name = "dep"
  analyzer-version = 1
  input-imports = [
    "github.com/cppforlife/go-semi-semantic/version",
    "github.com/h2non/filetype",
    "github.com/mholt/archiver",
    "github.com/mitchellh/colorstring",
    "github.com/nu7hatch/gouuid",
    "github.com/onsi/ginkgo",
    "github.com/onsi/ginkgo/extensions/table",
    "github.com/onsi/gomega",
    "github.com/onsi/gomega/gbytes",
    "github.com/onsi/gomega/gexec",
    "golang.org/x/oauth2",
    "golang.org/x/oauth2/google",
    "google.golang.org/api/googleapi",
    "google.golang.org/api/storage/v1",
    "gopkg.in/cheggaaa/pb.v1",
  ]
  solver-name = "gps-cdcl"
  solver-version = 1
